
Microsoft Visual Studio Solution File, Format Version 12.00
# Visual Studio Version 17
VisualStudioVersion = 17.10.34928.147
MinimumVisualStudioVersion = 10.0.40219.1
Project("{9A19103F-16F7-4668-BE54-9A1E7A4F7556}") = "UserAuthAPI", "UserAuthAPI.csproj", "{1F8229B3-35FD-4837-9992-5560221307FB}"
EndProject
Global
	GlobalSection(SolutionConfigurationPlatforms) = preSolution
		Debug|Any CPU = Debug|Any CPU
		Release|Any CPU = Release|Any CPU
	EndGlobalSection
	GlobalSection(ProjectConfigurationPlatforms) = postSolution
		{1F8229B3-35FD-4837-9992-5560221307FB}.Debug|Any CPU.ActiveCfg = Debug|Any CPU
		{1F8229B3-35FD-4837-9992-5560221307FB}.Debug|Any CPU.Build.0 = Debug|Any CPU
		{1F8229B3-35FD-4837-9992-5560221307FB}.Release|Any CPU.ActiveCfg = Release|Any CPU
		{1F8229B3-35FD-4837-9992-5560221307FB}.Release|Any CPU.Build.0 = Release|Any CPU
	EndGlobalSection
	GlobalSection(SolutionProperties) = preSolution
		HideSolutionNode = FALSE
	EndGlobalSection
	GlobalSection(ExtensibilityGlobals) = postSolution
		SolutionGuid = {5DFA1EBF-34B8-4D2C-808B-A4B634E5EB3A}
	EndGlobalSection
EndGlobal
